// !$*UTF8*$!
{
	archiveVersion = 1;
	classes = {
	};
	objectVersion = 46;
	objects = {

/* Begin PBXBuildFile section */
		F483C3231D438F8B007AB668 /* main.m in Sources */ = {isa = PBXBuildFile; fileRef = F483C3221D438F8B007AB668 /* main.m */; };
		F483C3261D438F8B007AB668 /* AppDelegate.m in Sources */ = {isa = PBXBuildFile; fileRef = F483C3251D438F8B007AB668 /* AppDelegate.m */; };
		F483C3291D438F8B007AB668 /* ViewController.m in Sources */ = {isa = PBXBuildFile; fileRef = F483C3281D438F8B007AB668 /* ViewController.m */; };
		F483C32C1D438F8B007AB668 /* Main.storyboard in Resources */ = {isa = PBXBuildFile; fileRef = F483C32A1D438F8B007AB668 /* Main.storyboard */; };
		F483C32E1D438F8B007AB668 /* Assets.xcassets in Resources */ = {isa = PBXBuildFile; fileRef = F483C32D1D438F8B007AB668 /* Assets.xcassets */; };
		F483C3311D438F8B007AB668 /* LaunchScreen.storyboard in Resources */ = {isa = PBXBuildFile; fileRef = F483C32F1D438F8B007AB668 /* LaunchScreen.storyboard */; };
/* End PBXBuildFile section */

/* Begin PBXFileReference section */
		F483C31E1D438F8B007AB668 /* JWCategories.app */ = {isa = PBXFileReference; explicitFileType = wrapper.application; includeInIndex = 0; path = JWCategories.app; sourceTree = BUILT_PRODUCTS_DIR; };
		F483C3221D438F8B007AB668 /* main.m */ = {isa = PBXFileReference; lastKnownFileType = sourcecode.c.objc; path = main.m; sourceTree = "<group>"; };
		F483C3241D438F8B007AB668 /* AppDelegate.h */ = {isa = PBXFileReference; lastKnownFileType = sourcecode.c.h; path = AppDelegate.h; sourceTree = "<group>"; };
		F483C3251D438F8B007AB668 /* AppDelegate.m */ = {isa = PBXFileReference; lastKnownFileType = sourcecode.c.objc; path = AppDelegate.m; sourceTree = "<group>"; };
		F483C3271D438F8B007AB668 /* ViewController.h */ = {isa = PBXFileReference; lastKnownFileType = sourcecode.c.h; path = ViewController.h; sourceTree = "<group>"; };
		F483C3281D438F8B007AB668 /* ViewController.m */ = {isa = PBXFileReference; lastKnownFileType = sourcecode.c.objc; path = ViewController.m; sourceTree = "<group>"; };
		F483C32B1D438F8B007AB668 /* Base */ = {isa = PBXFileReference; lastKnownFileType = file.storyboard; name = Base; path = Base.lproj/Main.storyboard; sourceTree = "<group>"; };
		F483C32D1D438F8B007AB668 /* Assets.xcassets */ = {isa = PBXFileReference; lastKnownFileType = folder.assetcatalog; path = Assets.xcassets; sourceTree = "<group>"; };
		F483C3301D438F8B007AB668 /* Base */ = {isa = PBXFileReference; lastKnownFileType = file.storyboard; name = Base; path = Base.lproj/LaunchScreen.storyboard; sourceTree = "<group>"; };
		F483C3321D438F8B007AB668 /* Info.plist */ = {isa = PBXFileReference; lastKnownFileType = text.plist.xml; path = Info.plist; sourceTree = "<group>"; };
/* End PBXFileReference section */

/* Begin PBXFrameworksBuildPhase section */
		F483C31B1D438F8B007AB668 /* Frameworks */ = {
			isa = PBXFrameworksBuildPhase;
			buildActionMask = 2147483647;
			files = (
			);
			runOnlyForDeploymentPostprocessing = 0;
		};
/* End PBXFrameworksBuildPhase section */

/* Begin PBXGroup section */
		F483C3151D438F8B007AB668 = {
			isa = PBXGroup;
			children = (
				F483C3201D438F8B007AB668 /* JWCategories */,
				F483C31F1D438F8B007AB668 /* Products */,
			);
			sourceTree = "<group>";
		};
		F483C31F1D438F8B007AB668 /* Products */ = {
			isa = PBXGroup;
			children = (
				F483C31E1D438F8B007AB668 /* JWCategories.app */,
			);
			name = Products;
			sourceTree = "<group>";
		};
		F483C3201D438F8B007AB668 /* JWCategories */ = {
			isa = PBXGroup;
			children = (
				F483C3241D438F8B007AB668 /* AppDelegate.h */,
				F483C3251D438F8B007AB668 /* AppDelegate.m */,
				F483C3271D438F8B007AB668 /* ViewController.h */,
				F483C3281D438F8B007AB668 /* ViewController.m */,
				F483C32A1D438F8B007AB668 /* Main.storyboard */,
				F483C32D1D438F8B007AB668 /* Assets.xcassets */,
				F483C32F1D438F8B007AB668 /* LaunchScreen.storyboard */,
				F483C3321D438F8B007AB668 /* Info.plist */,
				F483C3211D438F8B007AB668 /* Supporting Files */,
			);
			path = JWCategories;
			sourceTree = "<group>";
		};
		F483C3211D438F8B007AB668 /* Supporting Files */ = {
			isa = PBXGroup;
			children = (
				F483C3221D438F8B007AB668 /* main.m */,
			);
			name = "Supporting Files";
			sourceTree = "<group>";
		};
/* End PBXGroup section */

/* Begin PBXNativeTarget section */
		F483C31D1D438F8B007AB668 /* JWCategories */ = {
			isa = PBXNativeTarget;
			buildConfigurationList = F483C3351D438F8B007AB668 /* Build configuration list for PBXNativeTarget "JWCategories" */;
			buildPhases = (
				F483C31A1D438F8B007AB668 /* Sources */,
				F483C31B1D438F8B007AB668 /* Frameworks */,
				F483C31C1D438F8B007AB668 /* Resources */,
			);
			buildRules = (
			);
			dependencies = (
			);
			name = JWCategories;
			productName = JWCategories;
			productReference = F483C31E1D438F8B007AB668 /* JWCategories.app */;
			productType = "com.apple.product-type.application";
		};
/* End PBXNativeTarget section */

/* Begin PBXProject section */
		F483C3161D438F8B007AB668 /* Project object */ = {
			isa = PBXProject;
			attributes = {
				LastUpgradeCheck = 0730;
				ORGANIZATIONNAME = huangjw;
				TargetAttributes = {
					F483C31D1D438F8B007AB668 = {
						CreatedOnToolsVersion = 7.3;
					};
				};
			};
			buildConfigurationList = F483C3191D438F8B007AB668 /* Build configuration list for PBXProject "JWCategories" */;
			compatibilityVersion = "Xcode 3.2";
			developmentRegion = English;
			hasScannedForEncodings = 0;
			knownRegions = (
				en,
				Base,
			);
			mainGroup = F483C3151D438F8B007AB668;
			productRefGroup = F483C31F1D438F8B007AB668 /* Products */;
			projectDirPath = "";
			projectRoot = "";
			targets = (
				F483C31D1D438F8B007AB668 /* JWCategories */,
			);
		};
/* End PBXProject section */

/* Begin PBXResourcesBuildPhase section */
		F483C31C1D438F8B007AB668 /* Resources */ = {
			isa = PBXResourcesBuildPhase;
			buildActionMask = 2147483647;
			files = (
				F483C3311D438F8B007AB668 /* LaunchScreen.storyboard in Resources */,
				F483C32E1D438F8B007AB668 /* Assets.xcassets in Resources */,
				F483C32C1D438F8B007AB668 /* Main.storyboard in Resources */,
			);
			runOnlyForDeploymentPostprocessing = 0;
		};
/* End PBXResourcesBuildPhase section */

/* Begin PBXSourcesBuildPhase section */
		F483C31A1D438F8B007AB668 /* Sources */ = {
			isa = PBXSourcesBuildPhase;
			buildActionMask = 2147483647;
			files = (
				F483C3291D438F8B007AB668 /* ViewController.m in Sources */,
				F483C3261D438F8B007AB668 /* AppDelegate.m in Sources */,
				F483C3231D438F8B007AB668 /* main.m in Sources */,
			);
			runOnlyForDeploymentPostprocessing = 0;
		};
/* End PBXSourcesBuildPhase section */

/* Begin PBXVariantGroup section */
		F483C32A1D438F8B007AB668 /* Main.storyboard */ = {
			isa = PBXVariantGroup;
			children = (
				F483C32B1D438F8B007AB668 /* Base */,
			);
			name = Main.storyboard;
			sourceTree = "<group>";
		};
		F483C32F1D438F8B007AB668 /* LaunchScreen.storyboard */ = {
			isa = PBXVariantGroup;
			children = (
				F483C3301D438F8B007AB668 /* Base */,
			);
			name = LaunchScreen.storyboard;
			sourceTree = "<group>";
		};
/* End PBXVariantGroup section */

/* Begin XCBuildConfiguration section */
		F483C3331D438F8B007AB668 /* Debug */ = {
			isa = XCBuildConfiguration;
			buildSettings = {
				ALWAYS_SEARCH_USER_PATHS = NO;
				CLANG_ANALYZER_NONNULL = YES;
				CLANG_CXX_LANGUAGE_STANDARD = "gnu++0x";
				CLANG_CXX_LIBRARY = "libc++";
				CLANG_ENABLE_MODULES = YES;
				CLANG_ENABLE_OBJC_ARC = YES;
				CLANG_WARN_BOOL_CONVERSION = YES;
				CLANG_WARN_CONSTANT_CONVERSION = YES;
				CLANG_WARN_DIRECT_OBJC_ISA_USAGE = YES_ERROR;
				CLANG_WARN_EMPTY_BODY = YES;
				CLANG_WARN_ENUM_CONVERSION = YES;
				CLANG_WARN_INT_CONVERSION = YES;
				CLANG_WARN_OBJC_ROOT_CLASS = YES_ERROR;
				CLANG_WARN_UNREACHABLE_CODE = YES;
				CLANG_WARN__DUPLICATE_METHOD_MATCH = YES;
				"CODE_SIGN_IDENTITY[sdk=iphoneos*]" = "iPhone Developer";
				COPY_PHASE_STRIP = NO;
				DEBUG_INFORMATION_FORMAT = dwarf;
				ENABLE_STRICT_OBJC_MSGSEND = YES;
				ENABLE_TESTABILITY = YES;
				GCC_C_LANGUAGE_STANDARD = gnu99;
				GCC_DYNAMIC_NO_PIC = NO;
				GCC_NO_COMMON_BLOCKS = YES;
				GCC_OPTIMIZATION_LEVEL = 0;
				GCC_PREPROCESSOR_DEFINITIONS = (
					"DEBUG=1",
					"$(inherited)",
				);
				GCC_WARN_64_TO_32_BIT_CONVERSION = YES;
				GCC_WARN_ABOUT_RETURN_TYPE = YES_ERROR;
				GCC_WARN_UNDECLARED_SELECTOR = YES;
				GCC_WARN_UNINITIALIZED_AUTOS = YES_AGGRESSIVE;
				GCC_WARN_UNUSED_FUNCTION = YES;
				GCC_WARN_UNUSED_VARIABLE = YES;
				IPHONEOS_DEPLOYMENT_TARGET = 9.3;
				MTL_ENABLE_DEBUG_INFO = YES;
				ONLY_ACTIVE_ARCH = YES;
				SDKROOT = iphoneos;
			};
			name = Debug;
		};
		F483C3341D438F8B007AB668 /* Release */ = {
			isa = XCBuildConfiguration;
			buildSettings = {
				ALWAYS_SEARCH_USER_PATHS = NO;
				CLANG_ANALYZER_NONNULL = YES;
				CLANG_CXX_LANGUAGE_STANDARD = "gnu++0x";
				CLANG_CXX_LIBRARY = "libc++";
				CLANG_ENABLE_MODULES = YES;
				CLANG_ENABLE_OBJC_ARC = YES;
				CLANG_WARN_BOOL_CONVERSION = YES;
				CLANG_WARN_CONSTANT_CONVERSION = YES;
				CLANG_WARN_DIRECT_OBJC_ISA_USAGE = YES_ERROR;
				CLANG_WARN_EMPTY_BODY = YES;
				CLANG_WARN_ENUM_CONVERSION = YES;
				CLANG_WARN_INT_CONVERSION = YES;
				CLANG_WARN_OBJC_ROOT_CLASS = YES_ERROR;
				CLANG_WARN_UNREACHABLE_CODE = YES;
				CLANG_WARN__DUPLICATE_METHOD_MATCH = YES;
				"CODE_SIGN_IDENTITY[sdk=iphoneos*]" = "iPhone Developer";
				COPY_PHASE_STRIP = NO;
				DEBUG_INFORMATION_FORMAT = "dwarf-with-dsym";
				ENABLE_NS_ASSERTIONS = NO;
				ENABLE_STRICT_OBJC_MSGSEND = YES;
				GCC_C_LANGUAGE_STANDARD = gnu99;
				GCC_NO_COMMON_BLOCKS = YES;
				GCC_WARN_64_TO_32_BIT_CONVERSION = YES;
				GCC_WARN_ABOUT_RETURN_TYPE = YES_ERROR;
				GCC_WARN_UNDECLARED_SELECTOR = YES;
				GCC_WARN_UNINITIALIZED_AUTOS = YES_AGGRESSIVE;
				GCC_WARN_UNUSED_FUNCTION = YES;
				GCC_WARN_UNUSED_VARIABLE = YES;
				IPHONEOS_DEPLOYMENT_TARGET = 9.3;
				MTL_ENABLE_DEBUG_INFO = NO;
				SDKROOT = iphoneos;
				VALIDATE_PRODUCT = YES;
			};
			name = Release;
		};
		F483C3361D438F8B007AB668 /* Debug */ = {
			isa = XCBuildConfiguration;
			buildSettings = {
				ASSETCATALOG_COMPILER_APPICON_NAME = AppIcon;
				INFOPLIST_FILE = JWCategories/Info.plist;
				LD_RUNPATH_SEARCH_PATHS = "$(inherited) @executable_path/Frameworks";
				PRODUCT_BUNDLE_IDENTIFIER = com.huangjw.JWCategories;
				PRODUCT_NAME = "$(TARGET_NAME)";
			};
			name = Debug;
		};
		F483C3371D438F8B007AB668 /* Release */ = {
			isa = XCBuildConfiguration;
			buildSettings = {
				ASSETCATALOG_COMPILER_APPICON_NAME = AppIcon;
				INFOPLIST_FILE = JWCategories/Info.plist;
				LD_RUNPATH_SEARCH_PATHS = "$(inherited) @executable_path/Frameworks";
				PRODUCT_BUNDLE_IDENTIFIER = com.huangjw.JWCategories;
				PRODUCT_NAME = "$(TARGET_NAME)";
			};
			name = Release;
		};
/* End XCBuildConfiguration section */

/* Begin XCConfigurationList section */
		F483C3191D438F8B007AB668 /* Build configuration list for PBXProject "JWCategories" */ = {
			isa = XCConfigurationList;
			buildConfigurations = (
				F483C3331D438F8B007AB668 /* Debug */,
				F483C3341D438F8B007AB668 /* Release */,
			);
			defaultConfigurationIsVisible = 0;
			defaultConfigurationName = Release;
		};
		F483C3351D438F8B007AB668 /* Build configuration list for PBXNativeTarget "JWCategories" */ = {
			isa = XCConfigurationList;
			buildConfigurations = (
				F483C3361D438F8B007AB668 /* Debug */,
				F483C3371D438F8B007AB668 /* Release */,
			);
			defaultConfigurationIsVisible = 0;
		};
/* End XCConfigurationList section */
	};
	rootObject = F483C3161D438F8B007AB668 /* Project object */;
}
