// !$*UTF8*$!
{
	archiveVersion = 1;
	classes = {
	};
	objectVersion = 46;
	objects = {

/* Begin PBXBuildFile section */
		F42A49161D488D1300DE3A46 /* NSString+JWURLEncode.m in Sources */ = {isa = PBXBuildFile; fileRef = F42A49151D488D1300DE3A46 /* NSString+JWURLEncode.m */; };
		F42A49191D4894BE00DE3A46 /* NSString+JWJSONString.m in Sources */ = {isa = PBXBuildFile; fileRef = F42A49181D4894BE00DE3A46 /* NSString+JWJSONString.m */; };
		F46985D81D6D81ED0014A4F9 /* UINavigationController+JWExtensions.m in Sources */ = {isa = PBXBuildFile; fileRef = F46985D71D6D81ED0014A4F9 /* UINavigationController+JWExtensions.m */; };
		F46985DC1D6D83B30014A4F9 /* NSObject+JWExtensions.m in Sources */ = {isa = PBXBuildFile; fileRef = F46985DB1D6D83B30014A4F9 /* NSObject+JWExtensions.m */; };
		F46985E01D6D86530014A4F9 /* UIImage+JWExtensions.m in Sources */ = {isa = PBXBuildFile; fileRef = F46985DF1D6D86530014A4F9 /* UIImage+JWExtensions.m */; };
		F483C3231D438F8B007AB668 /* main.m in Sources */ = {isa = PBXBuildFile; fileRef = F483C3221D438F8B007AB668 /* main.m */; };
		F483C3261D438F8B007AB668 /* AppDelegate.m in Sources */ = {isa = PBXBuildFile; fileRef = F483C3251D438F8B007AB668 /* AppDelegate.m */; };
		F483C3291D438F8B007AB668 /* ViewController.m in Sources */ = {isa = PBXBuildFile; fileRef = F483C3281D438F8B007AB668 /* ViewController.m */; };
		F483C32C1D438F8B007AB668 /* Main.storyboard in Resources */ = {isa = PBXBuildFile; fileRef = F483C32A1D438F8B007AB668 /* Main.storyboard */; };
		F483C32E1D438F8B007AB668 /* Assets.xcassets in Resources */ = {isa = PBXBuildFile; fileRef = F483C32D1D438F8B007AB668 /* Assets.xcassets */; };
		F483C3311D438F8B007AB668 /* LaunchScreen.storyboard in Resources */ = {isa = PBXBuildFile; fileRef = F483C32F1D438F8B007AB668 /* LaunchScreen.storyboard */; };
		F4A84B521E1F3FE800F83D85 /* UIView+Layout.m in Sources */ = {isa = PBXBuildFile; fileRef = F4A84B511E1F3FE800F83D85 /* UIView+Layout.m */; };
		F4A84B591E1F415500F83D85 /* UIDevice+Identifier.m in Sources */ = {isa = PBXBuildFile; fileRef = F4A84B581E1F415500F83D85 /* UIDevice+Identifier.m */; };
		F4BD74111E207A5300229EC0 /* NSDate+JWExtensions.m in Sources */ = {isa = PBXBuildFile; fileRef = F4BD74101E207A5300229EC0 /* NSDate+JWExtensions.m */; };
		F4BD74141E207EF100229EC0 /* NSString+JWHash.m in Sources */ = {isa = PBXBuildFile; fileRef = F4BD74131E207EF100229EC0 /* NSString+JWHash.m */; };
/* End PBXBuildFile section */

/* Begin PBXFileReference section */
		F42A49141D488D1300DE3A46 /* NSString+JWURLEncode.h */ = {isa = PBXFileReference; fileEncoding = 4; lastKnownFileType = sourcecode.c.h; name = "NSString+JWURLEncode.h"; path = "NSString/NSString+JWURLEncode.h"; sourceTree = "<group>"; };
		F42A49151D488D1300DE3A46 /* NSString+JWURLEncode.m */ = {isa = PBXFileReference; fileEncoding = 4; lastKnownFileType = sourcecode.c.objc; name = "NSString+JWURLEncode.m"; path = "NSString/NSString+JWURLEncode.m"; sourceTree = "<group>"; };
		F42A49171D4894BE00DE3A46 /* NSString+JWJSONString.h */ = {isa = PBXFileReference; fileEncoding = 4; lastKnownFileType = sourcecode.c.h; name = "NSString+JWJSONString.h"; path = "NSString/NSString+JWJSONString.h"; sourceTree = "<group>"; };
		F42A49181D4894BE00DE3A46 /* NSString+JWJSONString.m */ = {isa = PBXFileReference; fileEncoding = 4; lastKnownFileType = sourcecode.c.objc; name = "NSString+JWJSONString.m"; path = "NSString/NSString+JWJSONString.m"; sourceTree = "<group>"; };
		F46985D61D6D81ED0014A4F9 /* UINavigationController+JWExtensions.h */ = {isa = PBXFileReference; fileEncoding = 4; lastKnownFileType = sourcecode.c.h; name = "UINavigationController+JWExtensions.h"; path = "UINavigationController/UINavigationController+JWExtensions.h"; sourceTree = "<group>"; };
		F46985D71D6D81ED0014A4F9 /* UINavigationController+JWExtensions.m */ = {isa = PBXFileReference; fileEncoding = 4; lastKnownFileType = sourcecode.c.objc; name = "UINavigationController+JWExtensions.m"; path = "UINavigationController/UINavigationController+JWExtensions.m"; sourceTree = "<group>"; };
		F46985DA1D6D83B30014A4F9 /* NSObject+JWExtensions.h */ = {isa = PBXFileReference; fileEncoding = 4; lastKnownFileType = sourcecode.c.h; name = "NSObject+JWExtensions.h"; path = "NSObject/NSObject+JWExtensions.h"; sourceTree = "<group>"; };
		F46985DB1D6D83B30014A4F9 /* NSObject+JWExtensions.m */ = {isa = PBXFileReference; fileEncoding = 4; lastKnownFileType = sourcecode.c.objc; name = "NSObject+JWExtensions.m"; path = "NSObject/NSObject+JWExtensions.m"; sourceTree = "<group>"; };
		F46985DE1D6D86530014A4F9 /* UIImage+JWExtensions.h */ = {isa = PBXFileReference; fileEncoding = 4; lastKnownFileType = sourcecode.c.h; name = "UIImage+JWExtensions.h"; path = "UIImage/UIImage+JWExtensions.h"; sourceTree = "<group>"; };
		F46985DF1D6D86530014A4F9 /* UIImage+JWExtensions.m */ = {isa = PBXFileReference; fileEncoding = 4; lastKnownFileType = sourcecode.c.objc; name = "UIImage+JWExtensions.m"; path = "UIImage/UIImage+JWExtensions.m"; sourceTree = "<group>"; };
		F483C31E1D438F8B007AB668 /* JWCategories.app */ = {isa = PBXFileReference; explicitFileType = wrapper.application; includeInIndex = 0; path = JWCategories.app; sourceTree = BUILT_PRODUCTS_DIR; };
		F483C3221D438F8B007AB668 /* main.m */ = {isa = PBXFileReference; lastKnownFileType = sourcecode.c.objc; path = main.m; sourceTree = "<group>"; };
		F483C3241D438F8B007AB668 /* AppDelegate.h */ = {isa = PBXFileReference; lastKnownFileType = sourcecode.c.h; path = AppDelegate.h; sourceTree = "<group>"; };
		F483C3251D438F8B007AB668 /* AppDelegate.m */ = {isa = PBXFileReference; lastKnownFileType = sourcecode.c.objc; path = AppDelegate.m; sourceTree = "<group>"; };
		F483C3271D438F8B007AB668 /* ViewController.h */ = {isa = PBXFileReference; lastKnownFileType = sourcecode.c.h; path = ViewController.h; sourceTree = "<group>"; };
		F483C3281D438F8B007AB668 /* ViewController.m */ = {isa = PBXFileReference; lastKnownFileType = sourcecode.c.objc; path = ViewController.m; sourceTree = "<group>"; };
		F483C32B1D438F8B007AB668 /* Base */ = {isa = PBXFileReference; lastKnownFileType = file.storyboard; name = Base; path = Base.lproj/Main.storyboard; sourceTree = "<group>"; };
		F483C32D1D438F8B007AB668 /* Assets.xcassets */ = {isa = PBXFileReference; lastKnownFileType = folder.assetcatalog; path = Assets.xcassets; sourceTree = "<group>"; };
		F483C3301D438F8B007AB668 /* Base */ = {isa = PBXFileReference; lastKnownFileType = file.storyboard; name = Base; path = Base.lproj/LaunchScreen.storyboard; sourceTree = "<group>"; };
		F483C3321D438F8B007AB668 /* Info.plist */ = {isa = PBXFileReference; lastKnownFileType = text.plist.xml; path = Info.plist; sourceTree = "<group>"; };
		F4A84B501E1F3FE800F83D85 /* UIView+Layout.h */ = {isa = PBXFileReference; fileEncoding = 4; lastKnownFileType = sourcecode.c.h; name = "UIView+Layout.h"; path = "UIView/UIView+Layout.h"; sourceTree = "<group>"; };
		F4A84B511E1F3FE800F83D85 /* UIView+Layout.m */ = {isa = PBXFileReference; fileEncoding = 4; lastKnownFileType = sourcecode.c.objc; name = "UIView+Layout.m"; path = "UIView/UIView+Layout.m"; sourceTree = "<group>"; };
		F4A84B571E1F415500F83D85 /* UIDevice+Identifier.h */ = {isa = PBXFileReference; fileEncoding = 4; lastKnownFileType = sourcecode.c.h; name = "UIDevice+Identifier.h"; path = "UIDevice/UIDevice+Identifier.h"; sourceTree = "<group>"; };
		F4A84B581E1F415500F83D85 /* UIDevice+Identifier.m */ = {isa = PBXFileReference; fileEncoding = 4; lastKnownFileType = sourcecode.c.objc; name = "UIDevice+Identifier.m"; path = "UIDevice/UIDevice+Identifier.m"; sourceTree = "<group>"; };
		F4BD740F1E207A5300229EC0 /* NSDate+JWExtensions.h */ = {isa = PBXFileReference; fileEncoding = 4; lastKnownFileType = sourcecode.c.h; name = "NSDate+JWExtensions.h"; path = "NSDate/NSDate+JWExtensions.h"; sourceTree = "<group>"; };
		F4BD74101E207A5300229EC0 /* NSDate+JWExtensions.m */ = {isa = PBXFileReference; fileEncoding = 4; lastKnownFileType = sourcecode.c.objc; name = "NSDate+JWExtensions.m"; path = "NSDate/NSDate+JWExtensions.m"; sourceTree = "<group>"; };
		F4BD74121E207EF100229EC0 /* NSString+JWHash.h */ = {isa = PBXFileReference; fileEncoding = 4; lastKnownFileType = sourcecode.c.h; name = "NSString+JWHash.h"; path = "NSString/NSString+JWHash.h"; sourceTree = "<group>"; };
		F4BD74131E207EF100229EC0 /* NSString+JWHash.m */ = {isa = PBXFileReference; fileEncoding = 4; lastKnownFileType = sourcecode.c.objc; name = "NSString+JWHash.m"; path = "NSString/NSString+JWHash.m"; sourceTree = "<group>"; };
/* End PBXFileReference section */

/* Begin PBXFrameworksBuildPhase section */
		F483C31B1D438F8B007AB668 /* Frameworks */ = {
			isa = PBXFrameworksBuildPhase;
			buildActionMask = 2147483647;
			files = (
			);
			runOnlyForDeploymentPostprocessing = 0;
		};
/* End PBXFrameworksBuildPhase section */

/* Begin PBXGroup section */
		F42A49131D488BFA00DE3A46 /* NSString */ = {
			isa = PBXGroup;
			children = (
				F42A49141D488D1300DE3A46 /* NSString+JWURLEncode.h */,
				F42A49151D488D1300DE3A46 /* NSString+JWURLEncode.m */,
				F42A49171D4894BE00DE3A46 /* NSString+JWJSONString.h */,
				F42A49181D4894BE00DE3A46 /* NSString+JWJSONString.m */,
				F4BD74121E207EF100229EC0 /* NSString+JWHash.h */,
				F4BD74131E207EF100229EC0 /* NSString+JWHash.m */,
			);
			name = NSString;
			sourceTree = "<group>";
		};
		F46985D51D6D81A40014A4F9 /* UINavigationController */ = {
			isa = PBXGroup;
			children = (
				F46985D61D6D81ED0014A4F9 /* UINavigationController+JWExtensions.h */,
				F46985D71D6D81ED0014A4F9 /* UINavigationController+JWExtensions.m */,
			);
			name = UINavigationController;
			sourceTree = "<group>";
		};
		F46985D91D6D837F0014A4F9 /* NSObject */ = {
			isa = PBXGroup;
			children = (
				F46985DA1D6D83B30014A4F9 /* NSObject+JWExtensions.h */,
				F46985DB1D6D83B30014A4F9 /* NSObject+JWExtensions.m */,
			);
			name = NSObject;
			sourceTree = "<group>";
		};
		F46985DD1D6D861D0014A4F9 /* UIImage */ = {
			isa = PBXGroup;
			children = (
				F46985DE1D6D86530014A4F9 /* UIImage+JWExtensions.h */,
				F46985DF1D6D86530014A4F9 /* UIImage+JWExtensions.m */,
			);
			name = UIImage;
			sourceTree = "<group>";
		};
		F483C3151D438F8B007AB668 = {
			isa = PBXGroup;
			children = (
				F483C3201D438F8B007AB668 /* JWCategories */,
				F483C31F1D438F8B007AB668 /* Products */,
			);
			sourceTree = "<group>";
		};
		F483C31F1D438F8B007AB668 /* Products */ = {
			isa = PBXGroup;
			children = (
				F483C31E1D438F8B007AB668 /* JWCategories.app */,
			);
			name = Products;
			sourceTree = "<group>";
		};
		F483C3201D438F8B007AB668 /* JWCategories */ = {
			isa = PBXGroup;
			children = (
				F4BD740E1E207A3300229EC0 /* NSDate */,
				F4BD740D1E20796700229EC0 /* NSData */,
				F46985D91D6D837F0014A4F9 /* NSObject */,
				F42A49131D488BFA00DE3A46 /* NSString */,
				F4A84B531E1F412200F83D85 /* UIDevice */,
				F46985DD1D6D861D0014A4F9 /* UIImage */,
				F46985D51D6D81A40014A4F9 /* UINavigationController */,
				F4A84B4C1E1F3FAF00F83D85 /* UIView */,
				F483C3241D438F8B007AB668 /* AppDelegate.h */,
				F483C3251D438F8B007AB668 /* AppDelegate.m */,
				F483C3271D438F8B007AB668 /* ViewController.h */,
				F483C3281D438F8B007AB668 /* ViewController.m */,
				F483C32A1D438F8B007AB668 /* Main.storyboard */,
				F483C32D1D438F8B007AB668 /* Assets.xcassets */,
				F483C32F1D438F8B007AB668 /* LaunchScreen.storyboard */,
				F483C3321D438F8B007AB668 /* Info.plist */,
				F483C3211D438F8B007AB668 /* Supporting Files */,
			);
			path = JWCategories;
			sourceTree = "<group>";
		};
		F483C3211D438F8B007AB668 /* Supporting Files */ = {
			isa = PBXGroup;
			children = (
				F483C3221D438F8B007AB668 /* main.m */,
			);
			name = "Supporting Files";
			sourceTree = "<group>";
		};
		F4A84B4C1E1F3FAF00F83D85 /* UIView */ = {
			isa = PBXGroup;
			children = (
				F4A84B501E1F3FE800F83D85 /* UIView+Layout.h */,
				F4A84B511E1F3FE800F83D85 /* UIView+Layout.m */,
			);
			name = UIView;
			sourceTree = "<group>";
		};
		F4A84B531E1F412200F83D85 /* UIDevice */ = {
			isa = PBXGroup;
			children = (
				F4A84B571E1F415500F83D85 /* UIDevice+Identifier.h */,
				F4A84B581E1F415500F83D85 /* UIDevice+Identifier.m */,
			);
			name = UIDevice;
			sourceTree = "<group>";
		};
		F4BD740D1E20796700229EC0 /* NSData */ = {
			isa = PBXGroup;
			children = (
			);
			name = NSData;
			sourceTree = "<group>";
		};
		F4BD740E1E207A3300229EC0 /* NSDate */ = {
			isa = PBXGroup;
			children = (
				F4BD740F1E207A5300229EC0 /* NSDate+JWExtensions.h */,
				F4BD74101E207A5300229EC0 /* NSDate+JWExtensions.m */,
			);
			name = NSDate;
			sourceTree = "<group>";
		};
/* End PBXGroup section */

/* Begin PBXNativeTarget section */
		F483C31D1D438F8B007AB668 /* JWCategories */ = {
			isa = PBXNativeTarget;
			buildConfigurationList = F483C3351D438F8B007AB668 /* Build configuration list for PBXNativeTarget "JWCategories" */;
			buildPhases = (
				F483C31A1D438F8B007AB668 /* Sources */,
				F483C31B1D438F8B007AB668 /* Frameworks */,
				F483C31C1D438F8B007AB668 /* Resources */,
			);
			buildRules = (
			);
			dependencies = (
			);
			name = JWCategories;
			productName = JWCategories;
			productReference = F483C31E1D438F8B007AB668 /* JWCategories.app */;
			productType = "com.apple.product-type.application";
		};
/* End PBXNativeTarget section */

/* Begin PBXProject section */
		F483C3161D438F8B007AB668 /* Project object */ = {
			isa = PBXProject;
			attributes = {
				LastUpgradeCheck = 0730;
				ORGANIZATIONNAME = huangjw;
				TargetAttributes = {
					F483C31D1D438F8B007AB668 = {
						CreatedOnToolsVersion = 7.3;
						DevelopmentTeam = 2UVXW5XGFB;
					};
				};
			};
			buildConfigurationList = F483C3191D438F8B007AB668 /* Build configuration list for PBXProject "JWCategories" */;
			compatibilityVersion = "Xcode 3.2";
			developmentRegion = English;
			hasScannedForEncodings = 0;
			knownRegions = (
				en,
				Base,
			);
			mainGroup = F483C3151D438F8B007AB668;
			productRefGroup = F483C31F1D438F8B007AB668 /* Products */;
			projectDirPath = "";
			projectRoot = "";
			targets = (
				F483C31D1D438F8B007AB668 /* JWCategories */,
			);
		};
/* End PBXProject section */

/* Begin PBXResourcesBuildPhase section */
		F483C31C1D438F8B007AB668 /* Resources */ = {
			isa = PBXResourcesBuildPhase;
			buildActionMask = 2147483647;
			files = (
				F483C3311D438F8B007AB668 /* LaunchScreen.storyboard in Resources */,
				F483C32E1D438F8B007AB668 /* Assets.xcassets in Resources */,
				F483C32C1D438F8B007AB668 /* Main.storyboard in Resources */,
			);
			runOnlyForDeploymentPostprocessing = 0;
		};
/* End PBXResourcesBuildPhase section */

/* Begin PBXSourcesBuildPhase section */
		F483C31A1D438F8B007AB668 /* Sources */ = {
			isa = PBXSourcesBuildPhase;
			buildActionMask = 2147483647;
			files = (
				F46985D81D6D81ED0014A4F9 /* UINavigationController+JWExtensions.m in Sources */,
				F483C3291D438F8B007AB668 /* ViewController.m in Sources */,
				F483C3261D438F8B007AB668 /* AppDelegate.m in Sources */,
				F46985DC1D6D83B30014A4F9 /* NSObject+JWExtensions.m in Sources */,
				F4BD74141E207EF100229EC0 /* NSString+JWHash.m in Sources */,
				F42A49161D488D1300DE3A46 /* NSString+JWURLEncode.m in Sources */,
				F4A84B591E1F415500F83D85 /* UIDevice+Identifier.m in Sources */,
				F42A49191D4894BE00DE3A46 /* NSString+JWJSONString.m in Sources */,
				F46985E01D6D86530014A4F9 /* UIImage+JWExtensions.m in Sources */,
				F4A84B521E1F3FE800F83D85 /* UIView+Layout.m in Sources */,
				F483C3231D438F8B007AB668 /* main.m in Sources */,
				F4BD74111E207A5300229EC0 /* NSDate+JWExtensions.m in Sources */,
			);
			runOnlyForDeploymentPostprocessing = 0;
		};
/* End PBXSourcesBuildPhase section */

/* Begin PBXVariantGroup section */
		F483C32A1D438F8B007AB668 /* Main.storyboard */ = {
			isa = PBXVariantGroup;
			children = (
				F483C32B1D438F8B007AB668 /* Base */,
			);
			name = Main.storyboard;
			sourceTree = "<group>";
		};
		F483C32F1D438F8B007AB668 /* LaunchScreen.storyboard */ = {
			isa = PBXVariantGroup;
			children = (
				F483C3301D438F8B007AB668 /* Base */,
			);
			name = LaunchScreen.storyboard;
			sourceTree = "<group>";
		};
/* End PBXVariantGroup section */

/* Begin XCBuildConfiguration section */
		F483C3331D438F8B007AB668 /* Debug */ = {
			isa = XCBuildConfiguration;
			buildSettings = {
				ALWAYS_SEARCH_USER_PATHS = NO;
				CLANG_ANALYZER_NONNULL = YES;
				CLANG_CXX_LANGUAGE_STANDARD = "gnu++0x";
				CLANG_CXX_LIBRARY = "libc++";
				CLANG_ENABLE_MODULES = YES;
				CLANG_ENABLE_OBJC_ARC = YES;
				CLANG_WARN_BOOL_CONVERSION = YES;
				CLANG_WARN_CONSTANT_CONVERSION = YES;
				CLANG_WARN_DIRECT_OBJC_ISA_USAGE = YES_ERROR;
				CLANG_WARN_EMPTY_BODY = YES;
				CLANG_WARN_ENUM_CONVERSION = YES;
				CLANG_WARN_INT_CONVERSION = YES;
				CLANG_WARN_OBJC_ROOT_CLASS = YES_ERROR;
				CLANG_WARN_UNREACHABLE_CODE = YES;
				CLANG_WARN__DUPLICATE_METHOD_MATCH = YES;
				"CODE_SIGN_IDENTITY[sdk=iphoneos*]" = "iPhone Developer";
				COPY_PHASE_STRIP = NO;
				DEBUG_INFORMATION_FORMAT = dwarf;
				ENABLE_STRICT_OBJC_MSGSEND = YES;
				ENABLE_TESTABILITY = YES;
				GCC_C_LANGUAGE_STANDARD = gnu99;
				GCC_DYNAMIC_NO_PIC = NO;
				GCC_NO_COMMON_BLOCKS = YES;
				GCC_OPTIMIZATION_LEVEL = 0;
				GCC_PREPROCESSOR_DEFINITIONS = (
					"DEBUG=1",
					"$(inherited)",
				);
				GCC_WARN_64_TO_32_BIT_CONVERSION = YES;
				GCC_WARN_ABOUT_RETURN_TYPE = YES_ERROR;
				GCC_WARN_UNDECLARED_SELECTOR = YES;
				GCC_WARN_UNINITIALIZED_AUTOS = YES_AGGRESSIVE;
				GCC_WARN_UNUSED_FUNCTION = YES;
				GCC_WARN_UNUSED_VARIABLE = YES;
				IPHONEOS_DEPLOYMENT_TARGET = 9.3;
				MTL_ENABLE_DEBUG_INFO = YES;
				ONLY_ACTIVE_ARCH = YES;
				SDKROOT = iphoneos;
			};
			name = Debug;
		};
		F483C3341D438F8B007AB668 /* Release */ = {
			isa = XCBuildConfiguration;
			buildSettings = {
				ALWAYS_SEARCH_USER_PATHS = NO;
				CLANG_ANALYZER_NONNULL = YES;
				CLANG_CXX_LANGUAGE_STANDARD = "gnu++0x";
				CLANG_CXX_LIBRARY = "libc++";
				CLANG_ENABLE_MODULES = YES;
				CLANG_ENABLE_OBJC_ARC = YES;
				CLANG_WARN_BOOL_CONVERSION = YES;
				CLANG_WARN_CONSTANT_CONVERSION = YES;
				CLANG_WARN_DIRECT_OBJC_ISA_USAGE = YES_ERROR;
				CLANG_WARN_EMPTY_BODY = YES;
				CLANG_WARN_ENUM_CONVERSION = YES;
				CLANG_WARN_INT_CONVERSION = YES;
				CLANG_WARN_OBJC_ROOT_CLASS = YES_ERROR;
				CLANG_WARN_UNREACHABLE_CODE = YES;
				CLANG_WARN__DUPLICATE_METHOD_MATCH = YES;
				"CODE_SIGN_IDENTITY[sdk=iphoneos*]" = "iPhone Developer";
				COPY_PHASE_STRIP = NO;
				DEBUG_INFORMATION_FORMAT = "dwarf-with-dsym";
				ENABLE_NS_ASSERTIONS = NO;
				ENABLE_STRICT_OBJC_MSGSEND = YES;
				GCC_C_LANGUAGE_STANDARD = gnu99;
				GCC_NO_COMMON_BLOCKS = YES;
				GCC_WARN_64_TO_32_BIT_CONVERSION = YES;
				GCC_WARN_ABOUT_RETURN_TYPE = YES_ERROR;
				GCC_WARN_UNDECLARED_SELECTOR = YES;
				GCC_WARN_UNINITIALIZED_AUTOS = YES_AGGRESSIVE;
				GCC_WARN_UNUSED_FUNCTION = YES;
				GCC_WARN_UNUSED_VARIABLE = YES;
				IPHONEOS_DEPLOYMENT_TARGET = 9.3;
				MTL_ENABLE_DEBUG_INFO = NO;
				SDKROOT = iphoneos;
				VALIDATE_PRODUCT = YES;
			};
			name = Release;
		};
		F483C3361D438F8B007AB668 /* Debug */ = {
			isa = XCBuildConfiguration;
			buildSettings = {
				ASSETCATALOG_COMPILER_APPICON_NAME = AppIcon;
				DEVELOPMENT_TEAM = 2UVXW5XGFB;
				INFOPLIST_FILE = JWCategories/Info.plist;
				LD_RUNPATH_SEARCH_PATHS = "$(inherited) @executable_path/Frameworks";
				PRODUCT_BUNDLE_IDENTIFIER = com.huangjw.categories;
				PRODUCT_NAME = "$(TARGET_NAME)";
			};
			name = Debug;
		};
		F483C3371D438F8B007AB668 /* Release */ = {
			isa = XCBuildConfiguration;
			buildSettings = {
				ASSETCATALOG_COMPILER_APPICON_NAME = AppIcon;
				DEVELOPMENT_TEAM = 2UVXW5XGFB;
				INFOPLIST_FILE = JWCategories/Info.plist;
				LD_RUNPATH_SEARCH_PATHS = "$(inherited) @executable_path/Frameworks";
				PRODUCT_BUNDLE_IDENTIFIER = com.huangjw.categories;
				PRODUCT_NAME = "$(TARGET_NAME)";
			};
			name = Release;
		};
/* End XCBuildConfiguration section */

/* Begin XCConfigurationList section */
		F483C3191D438F8B007AB668 /* Build configuration list for PBXProject "JWCategories" */ = {
			isa = XCConfigurationList;
			buildConfigurations = (
				F483C3331D438F8B007AB668 /* Debug */,
				F483C3341D438F8B007AB668 /* Release */,
			);
			defaultConfigurationIsVisible = 0;
			defaultConfigurationName = Release;
		};
		F483C3351D438F8B007AB668 /* Build configuration list for PBXNativeTarget "JWCategories" */ = {
			isa = XCConfigurationList;
			buildConfigurations = (
				F483C3361D438F8B007AB668 /* Debug */,
				F483C3371D438F8B007AB668 /* Release */,
			);
			defaultConfigurationIsVisible = 0;
			defaultConfigurationName = Release;
		};
/* End XCConfigurationList section */
	};
	rootObject = F483C3161D438F8B007AB668 /* Project object */;
}
